{
  "name": "identity-partners-site",
  "version": "1.0.0",
  "lockfileVersion": 1,
  "requires": true,
  "dependencies": {
    "identity-style-guide": {
      "version": "2.2.3",
      "resolved": "https://registry.npmjs.org/identity-style-guide/-/identity-style-guide-2.2.3.tgz",
      "integrity": "sha512-bAPgCic/ztIUOLyEofToecfhIiM8b1WNlRj0rOhYr1/zZHL4NPhLjQ2HBURTiGyxEhm/22n1gxprDuilxLLLBw==",
      "requires": {
        "zxcvbn": "^4.4.2"
      }
    },
    "zxcvbn": {
      "version": "4.4.2",
      "resolved": "https://registry.npmjs.org/zxcvbn/-/zxcvbn-4.4.2.tgz",
      "integrity": "sha1-KOwXzwl0PtyrBW3dixsGJizHPDA="
    }
  }
}
